
Microsoft Visual Studio Solution File, Format Version 12.00
# Visual Studio 15
Project("{FAE04EC0-301F-11D3-BF4B-00C04F79EFBC}") = "Assembly-CSharp", "Assembly-CSharp.csproj", "{FCA5BDF3-F753-A252-ECF0-2E77B0357243}"
EndProject
Project("{FAE04EC0-301F-11D3-BF4B-00C04F79EFBC}") = "Unity.2DPlatformer.Tutorials", "Unity.2DPlatformer.Tutorials.csproj", "{56BAB05C-9879-3CF4-D39B-3B1184F25DA1}"
EndProject
Project("{FAE04EC0-301F-11D3-BF4B-00C04F79EFBC}") = "Unity.Platformer.Tutorials", "Unity.Platformer.Tutorials.csproj", "{07196747-0131-828D-AAC2-D5A1BF41BBD0}"
EndProject
Project("{FAE04EC0-301F-11D3-BF4B-00C04F79EFBC}") = "Assembly-CSharp-Editor", "Assembly-CSharp-Editor.csproj", "{1DC081A0-B869-0FE4-E6F8-EEC9DCF54087}"
EndProject
Global
	GlobalSection(SolutionConfigurationPlatforms) = preSolution
		Debug|Any CPU = Debug|Any CPU
		Release|Any CPU = Release|Any CPU
	EndGlobalSection
	GlobalSection(ProjectConfigurationPlatforms) = postSolution
		{FCA5BDF3-F753-A252-ECF0-2E77B0357243}.Debug|Any CPU.ActiveCfg = Debug|Any CPU
		{FCA5BDF3-F753-A252-ECF0-2E77B0357243}.Debug|Any CPU.Build.0 = Debug|Any CPU
		{FCA5BDF3-F753-A252-ECF0-2E77B0357243}.Release|Any CPU.ActiveCfg = Release|Any CPU
		{FCA5BDF3-F753-A252-ECF0-2E77B0357243}.Release|Any CPU.Build.0 = Release|Any CPU
		{56BAB05C-9879-3CF4-D39B-3B1184F25DA1}.Debug|Any CPU.ActiveCfg = Debug|Any CPU
		{56BAB05C-9879-3CF4-D39B-3B1184F25DA1}.Debug|Any CPU.Build.0 = Debug|Any CPU
		{56BAB05C-9879-3CF4-D39B-3B1184F25DA1}.Release|Any CPU.ActiveCfg = Release|Any CPU
		{56BAB05C-9879-3CF4-D39B-3B1184F25DA1}.Release|Any CPU.Build.0 = Release|Any CPU
		{07196747-0131-828D-AAC2-D5A1BF41BBD0}.Debug|Any CPU.ActiveCfg = Debug|Any CPU
		{07196747-0131-828D-AAC2-D5A1BF41BBD0}.Debug|Any CPU.Build.0 = Debug|Any CPU
		{07196747-0131-828D-AAC2-D5A1BF41BBD0}.Release|Any CPU.ActiveCfg = Release|Any CPU
		{07196747-0131-828D-AAC2-D5A1BF41BBD0}.Release|Any CPU.Build.0 = Release|Any CPU
		{1DC081A0-B869-0FE4-E6F8-EEC9DCF54087}.Debug|Any CPU.ActiveCfg = Debug|Any CPU
		{1DC081A0-B869-0FE4-E6F8-EEC9DCF54087}.Debug|Any CPU.Build.0 = Debug|Any CPU
		{1DC081A0-B869-0FE4-E6F8-EEC9DCF54087}.Release|Any CPU.ActiveCfg = Release|Any CPU
		{1DC081A0-B869-0FE4-E6F8-EEC9DCF54087}.Release|Any CPU.Build.0 = Release|Any CPU
	EndGlobalSection
	GlobalSection(SolutionProperties) = preSolution
		HideSolutionNode = FALSE
	EndGlobalSection
EndGlobal
